
Microsoft Visual Studio Solution File, Format Version 12.00
# Visual Studio Version 17
VisualStudioVersion = 17.2.32519.379
MinimumVisualStudioVersion = 10.0.40219.1
Project("{FAE04EC0-301F-11D3-BF4B-00C04F79EFBC}") = "test", "test\test.csproj", "{F6882047-0C6F-4149-A1B2-04024EDC31BD}"
EndProject
Project("{FAE04EC0-301F-11D3-BF4B-00C04F79EFBC}") = "test_classes", "test_classes\test_classes.csproj", "{8429321A-E278-43AC-AD97-0B7E5E015EE3}"
EndProject
Global
	GlobalSection(SolutionConfigurationPlatforms) = preSolution
		Debug|Any CPU = Debug|Any CPU
		Release|Any CPU = Release|Any CPU
	EndGlobalSection
	GlobalSection(ProjectConfigurationPlatforms) = postSolution
		{F6882047-0C6F-4149-A1B2-04024EDC31BD}.Debug|Any CPU.ActiveCfg = Debug|Any CPU
		{F6882047-0C6F-4149-A1B2-04024EDC31BD}.Debug|Any CPU.Build.0 = Debug|Any CPU
		{F6882047-0C6F-4149-A1B2-04024EDC31BD}.Release|Any CPU.ActiveCfg = Release|Any CPU
		{F6882047-0C6F-4149-A1B2-04024EDC31BD}.Release|Any CPU.Build.0 = Release|Any CPU
		{8429321A-E278-43AC-AD97-0B7E5E015EE3}.Debug|Any CPU.ActiveCfg = Debug|Any CPU
		{8429321A-E278-43AC-AD97-0B7E5E015EE3}.Debug|Any CPU.Build.0 = Debug|Any CPU
		{8429321A-E278-43AC-AD97-0B7E5E015EE3}.Release|Any CPU.ActiveCfg = Release|Any CPU
		{8429321A-E278-43AC-AD97-0B7E5E015EE3}.Release|Any CPU.Build.0 = Release|Any CPU
	EndGlobalSection
	GlobalSection(SolutionProperties) = preSolution
		HideSolutionNode = FALSE
	EndGlobalSection
	GlobalSection(ExtensibilityGlobals) = postSolution
		SolutionGuid = {617E3CFB-9032-43FC-BCCB-E89441F1FCBD}
	EndGlobalSection
EndGlobal
