
Microsoft Visual Studio Solution File, Format Version 12.00
# Visual Studio Version 17
VisualStudioVersion = 17.2.32519.379
MinimumVisualStudioVersion = 10.0.40219.1
Project("{9A19103F-16F7-4668-BE54-9A1E7A4F7556}") = "test", "test\test.csproj", "{F6882047-0C6F-4149-A1B2-04024EDC31BD}"
EndProject
Global
	GlobalSection(SolutionConfigurationPlatforms) = preSolution
		Debug|Any CPU = Debug|Any CPU
		Release|Any CPU = Release|Any CPU
	EndGlobalSection
	GlobalSection(ProjectConfigurationPlatforms) = postSolution
		{F6882047-0C6F-4149-A1B2-04024EDC31BD}.Debug|Any CPU.ActiveCfg = Debug|Any CPU
		{F6882047-0C6F-4149-A1B2-04024EDC31BD}.Debug|Any CPU.Build.0 = Debug|Any CPU
		{F6882047-0C6F-4149-A1B2-04024EDC31BD}.Release|Any CPU.ActiveCfg = Release|Any CPU
		{F6882047-0C6F-4149-A1B2-04024EDC31BD}.Release|Any CPU.Build.0 = Release|Any CPU
	EndGlobalSection
	GlobalSection(SolutionProperties) = preSolution
		HideSolutionNode = FALSE
	EndGlobalSection
	GlobalSection(ExtensibilityGlobals) = postSolution
		SolutionGuid = {617E3CFB-9032-43FC-BCCB-E89441F1FCBD}
	EndGlobalSection
EndGlobal
